# This file is generated by running "yarn install" inside your project.
# Manual changes might be lost - proceed with caution!

__metadata:
  version: 6
  cacheKey: 8

"alpha-blog@workspace:.":
  version: 0.0.0-use.local
  resolution: "alpha-blog@workspace:."
  dependencies:
    bootstrap: ^5.2.3
    jquery: ^3.6.3
    popper.js: ^1.16.1
  languageName: unknown
  linkType: soft

"bootstrap@npm:^5.2.3":
  version: 5.2.3
  resolution: "bootstrap@npm:5.2.3"
  peerDependencies:
    "@popperjs/core": ^2.11.6
  checksum: 0211805dec6a190c0911d142966df30fdb4b4139a04cc6c23dd83c6045ea3cb0a966b360ab2e701e7b3ad96ff01e05fdc0914be97b41bd876b11e457a8bdc6a3
  languageName: node
  linkType: hard

"jquery@npm:^3.6.3":
  version: 3.6.3
  resolution: "jquery@npm:3.6.3"
  checksum: 0fd366bdcaa0c84a7a8751ce20f8192290141913978b5059574426d9b01f4365daa675f95aab3eec94fd794d27b08d32078a2236bef404b8ba78073009988ce6
  languageName: node
  linkType: hard

"popper.js@npm:^1.16.1":
  version: 1.16.1
  resolution: "popper.js@npm:1.16.1"
  checksum: c56ae5001ec50a77ee297a8061a0221d99d25c7348d2e6bcd3e45a0d0f32a1fd81bca29d46cb0d4bdf13efb77685bd6a0ce93f9eb3c608311a461f945fffedbe
  languageName: node
  linkType: hard
